// !$*UTF8*$!
{
	archiveVersion = 1;
	classes = {
	};
	objectVersion = 46;
	objects = {

/* Begin PBXBuildFile section */
		795CA10F1955C631007BA36A /* Contact.cpp in Sources */ = {isa = PBXBuildFile; fileRef = 795CA1031955C631007BA36A /* Contact.cpp */; };
		795CA1101955C631007BA36A /* ContactManager.cpp in Sources */ = {isa = PBXBuildFile; fileRef = 795CA1051955C631007BA36A /* ContactManager.cpp */; };
		795CA1111955C631007BA36A /* ContactNode.cpp in Sources */ = {isa = PBXBuildFile; fileRef = 795CA1071955C631007BA36A /* ContactNode.cpp */; };
		795CA1121955C631007BA36A /* InteractivePhoneBook.cpp in Sources */ = {isa = PBXBuildFile; fileRef = 795CA1091955C631007BA36A /* InteractivePhoneBook.cpp */; };
		795CA1131955C631007BA36A /* main.cpp in Sources */ = {isa = PBXBuildFile; fileRef = 795CA10B1955C631007BA36A /* main.cpp */; };
		795CA1141955C631007BA36A /* StringContactMap.cpp in Sources */ = {isa = PBXBuildFile; fileRef = 795CA10D1955C631007BA36A /* StringContactMap.cpp */; };
/* End PBXBuildFile section */

/* Begin PBXCopyFilesBuildPhase section */
		795CA0D01955BBE8007BA36A /* CopyFiles */ = {
			isa = PBXCopyFilesBuildPhase;
			buildActionMask = 2147483647;
			dstPath = /usr/share/man/man1/;
			dstSubfolderSpec = 0;
			files = (
			);
			runOnlyForDeploymentPostprocessing = 1;
		};
/* End PBXCopyFilesBuildPhase section */

/* Begin PBXFileReference section */
		795CA0D21955BBE8007BA36A /* S3 */ = {isa = PBXFileReference; explicitFileType = "compiled.mach-o.executable"; includeInIndex = 0; path = S3; sourceTree = BUILT_PRODUCTS_DIR; };
		795CA1031955C631007BA36A /* Contact.cpp */ = {isa = PBXFileReference; fileEncoding = 4; lastKnownFileType = sourcecode.cpp.cpp; path = Contact.cpp; sourceTree = SOURCE_ROOT; };
		795CA1041955C631007BA36A /* Contact.h */ = {isa = PBXFileReference; fileEncoding = 4; lastKnownFileType = sourcecode.c.h; path = Contact.h; sourceTree = SOURCE_ROOT; };
		795CA1051955C631007BA36A /* ContactManager.cpp */ = {isa = PBXFileReference; fileEncoding = 4; lastKnownFileType = sourcecode.cpp.cpp; path = ContactManager.cpp; sourceTree = SOURCE_ROOT; };
		795CA1061955C631007BA36A /* ContactManager.h */ = {isa = PBXFileReference; fileEncoding = 4; lastKnownFileType = sourcecode.c.h; path = ContactManager.h; sourceTree = SOURCE_ROOT; };
		795CA1071955C631007BA36A /* ContactNode.cpp */ = {isa = PBXFileReference; fileEncoding = 4; lastKnownFileType = sourcecode.cpp.cpp; path = ContactNode.cpp; sourceTree = SOURCE_ROOT; };
		795CA1081955C631007BA36A /* ContactNode.h */ = {isa = PBXFileReference; fileEncoding = 4; lastKnownFileType = sourcecode.c.h; path = ContactNode.h; sourceTree = SOURCE_ROOT; };
		795CA1091955C631007BA36A /* InteractivePhoneBook.cpp */ = {isa = PBXFileReference; fileEncoding = 4; lastKnownFileType = sourcecode.cpp.cpp; path = InteractivePhoneBook.cpp; sourceTree = SOURCE_ROOT; };
		795CA10A1955C631007BA36A /* InteractivePhoneBook.h */ = {isa = PBXFileReference; fileEncoding = 4; lastKnownFileType = sourcecode.c.h; path = InteractivePhoneBook.h; sourceTree = SOURCE_ROOT; };
		795CA10B1955C631007BA36A /* main.cpp */ = {isa = PBXFileReference; fileEncoding = 4; lastKnownFileType = sourcecode.cpp.cpp; path = main.cpp; sourceTree = SOURCE_ROOT; };
		795CA10C1955C631007BA36A /* S3.1 */ = {isa = PBXFileReference; fileEncoding = 4; lastKnownFileType = text.man; path = S3.1; sourceTree = SOURCE_ROOT; };
		795CA10D1955C631007BA36A /* StringContactMap.cpp */ = {isa = PBXFileReference; fileEncoding = 4; lastKnownFileType = sourcecode.cpp.cpp; path = StringContactMap.cpp; sourceTree = SOURCE_ROOT; };
		795CA10E1955C631007BA36A /* StringContactMap.h */ = {isa = PBXFileReference; fileEncoding = 4; lastKnownFileType = sourcecode.c.h; path = StringContactMap.h; sourceTree = SOURCE_ROOT; };
/* End PBXFileReference section */

/* Begin PBXFrameworksBuildPhase section */
		795CA0CF1955BBE8007BA36A /* Frameworks */ = {
			isa = PBXFrameworksBuildPhase;
			buildActionMask = 2147483647;
			files = (
			);
			runOnlyForDeploymentPostprocessing = 0;
		};
/* End PBXFrameworksBuildPhase section */

/* Begin PBXGroup section */
		795CA0C91955BBE8007BA36A = {
			isa = PBXGroup;
			children = (
				795CA0D41955BBE8007BA36A /* S3 */,
				795CA0D31955BBE8007BA36A /* Products */,
			);
			sourceTree = "<group>";
		};
		795CA0D31955BBE8007BA36A /* Products */ = {
			isa = PBXGroup;
			children = (
				795CA0D21955BBE8007BA36A /* S3 */,
			);
			name = Products;
			sourceTree = "<group>";
		};
		795CA0D41955BBE8007BA36A /* S3 */ = {
			isa = PBXGroup;
			children = (
				795CA1031955C631007BA36A /* Contact.cpp */,
				795CA1041955C631007BA36A /* Contact.h */,
				795CA1051955C631007BA36A /* ContactManager.cpp */,
				795CA1061955C631007BA36A /* ContactManager.h */,
				795CA1071955C631007BA36A /* ContactNode.cpp */,
				795CA1081955C631007BA36A /* ContactNode.h */,
				795CA1091955C631007BA36A /* InteractivePhoneBook.cpp */,
				795CA10A1955C631007BA36A /* InteractivePhoneBook.h */,
				795CA10B1955C631007BA36A /* main.cpp */,
				795CA10C1955C631007BA36A /* S3.1 */,
				795CA10D1955C631007BA36A /* StringContactMap.cpp */,
				795CA10E1955C631007BA36A /* StringContactMap.h */,
			);
			path = S3;
			sourceTree = "<group>";
		};
/* End PBXGroup section */

/* Begin PBXNativeTarget section */
		795CA0D11955BBE8007BA36A /* S3 */ = {
			isa = PBXNativeTarget;
			buildConfigurationList = 795CA0DB1955BBE8007BA36A /* Build configuration list for PBXNativeTarget "S3" */;
			buildPhases = (
				795CA0CE1955BBE8007BA36A /* Sources */,
				795CA0CF1955BBE8007BA36A /* Frameworks */,
				795CA0D01955BBE8007BA36A /* CopyFiles */,
			);
			buildRules = (
			);
			dependencies = (
			);
			name = S3;
			productName = S3;
			productReference = 795CA0D21955BBE8007BA36A /* S3 */;
			productType = "com.apple.product-type.tool";
		};
/* End PBXNativeTarget section */

/* Begin PBXProject section */
		795CA0CA1955BBE8007BA36A /* Project object */ = {
			isa = PBXProject;
			attributes = {
				LastUpgradeCheck = 0510;
				ORGANIZATIONNAME = "Sigursteinn Bjarni";
			};
			buildConfigurationList = 795CA0CD1955BBE8007BA36A /* Build configuration list for PBXProject "S3" */;
			compatibilityVersion = "Xcode 3.2";
			developmentRegion = English;
			hasScannedForEncodings = 0;
			knownRegions = (
				en,
			);
			mainGroup = 795CA0C91955BBE8007BA36A;
			productRefGroup = 795CA0D31955BBE8007BA36A /* Products */;
			projectDirPath = "";
			projectRoot = "";
			targets = (
				795CA0D11955BBE8007BA36A /* S3 */,
			);
		};
/* End PBXProject section */

/* Begin PBXSourcesBuildPhase section */
		795CA0CE1955BBE8007BA36A /* Sources */ = {
			isa = PBXSourcesBuildPhase;
			buildActionMask = 2147483647;
			files = (
				795CA1121955C631007BA36A /* InteractivePhoneBook.cpp in Sources */,
				795CA1111955C631007BA36A /* ContactNode.cpp in Sources */,
				795CA1101955C631007BA36A /* ContactManager.cpp in Sources */,
				795CA1131955C631007BA36A /* main.cpp in Sources */,
				795CA1141955C631007BA36A /* StringContactMap.cpp in Sources */,
				795CA10F1955C631007BA36A /* Contact.cpp in Sources */,
			);
			runOnlyForDeploymentPostprocessing = 0;
		};
/* End PBXSourcesBuildPhase section */

/* Begin XCBuildConfiguration section */
		795CA0D91955BBE8007BA36A /* Debug */ = {
			isa = XCBuildConfiguration;
			buildSettings = {
				ALWAYS_SEARCH_USER_PATHS = NO;
				CLANG_CXX_LANGUAGE_STANDARD = "gnu++0x";
				CLANG_CXX_LIBRARY = "libc++";
				CLANG_ENABLE_MODULES = YES;
				CLANG_ENABLE_OBJC_ARC = YES;
				CLANG_WARN_BOOL_CONVERSION = YES;
				CLANG_WARN_CONSTANT_CONVERSION = YES;
				CLANG_WARN_DIRECT_OBJC_ISA_USAGE = YES_ERROR;
				CLANG_WARN_EMPTY_BODY = YES;
				CLANG_WARN_ENUM_CONVERSION = YES;
				CLANG_WARN_INT_CONVERSION = YES;
				CLANG_WARN_OBJC_ROOT_CLASS = YES_ERROR;
				CLANG_WARN__DUPLICATE_METHOD_MATCH = YES;
				COPY_PHASE_STRIP = NO;
				GCC_C_LANGUAGE_STANDARD = gnu99;
				GCC_DYNAMIC_NO_PIC = NO;
				GCC_ENABLE_OBJC_EXCEPTIONS = YES;
				GCC_OPTIMIZATION_LEVEL = 0;
				GCC_PREPROCESSOR_DEFINITIONS = (
					"DEBUG=1",
					"$(inherited)",
				);
				GCC_SYMBOLS_PRIVATE_EXTERN = NO;
				GCC_WARN_64_TO_32_BIT_CONVERSION = YES;
				GCC_WARN_ABOUT_RETURN_TYPE = YES_ERROR;
				GCC_WARN_UNDECLARED_SELECTOR = YES;
				GCC_WARN_UNINITIALIZED_AUTOS = YES_AGGRESSIVE;
				GCC_WARN_UNUSED_FUNCTION = YES;
				GCC_WARN_UNUSED_VARIABLE = YES;
				MACOSX_DEPLOYMENT_TARGET = 10.9;
				ONLY_ACTIVE_ARCH = YES;
				SDKROOT = macosx;
			};
			name = Debug;
		};
		795CA0DA1955BBE8007BA36A /* Release */ = {
			isa = XCBuildConfiguration;
			buildSettings = {
				ALWAYS_SEARCH_USER_PATHS = NO;
				CLANG_CXX_LANGUAGE_STANDARD = "gnu++0x";
				CLANG_CXX_LIBRARY = "libc++";
				CLANG_ENABLE_MODULES = YES;
				CLANG_ENABLE_OBJC_ARC = YES;
				CLANG_WARN_BOOL_CONVERSION = YES;
				CLANG_WARN_CONSTANT_CONVERSION = YES;
				CLANG_WARN_DIRECT_OBJC_ISA_USAGE = YES_ERROR;
				CLANG_WARN_EMPTY_BODY = YES;
				CLANG_WARN_ENUM_CONVERSION = YES;
				CLANG_WARN_INT_CONVERSION = YES;
				CLANG_WARN_OBJC_ROOT_CLASS = YES_ERROR;
				CLANG_WARN__DUPLICATE_METHOD_MATCH = YES;
				COPY_PHASE_STRIP = YES;
				DEBUG_INFORMATION_FORMAT = "dwarf-with-dsym";
				ENABLE_NS_ASSERTIONS = NO;
				GCC_C_LANGUAGE_STANDARD = gnu99;
				GCC_ENABLE_OBJC_EXCEPTIONS = YES;
				GCC_WARN_64_TO_32_BIT_CONVERSION = YES;
				GCC_WARN_ABOUT_RETURN_TYPE = YES_ERROR;
				GCC_WARN_UNDECLARED_SELECTOR = YES;
				GCC_WARN_UNINITIALIZED_AUTOS = YES_AGGRESSIVE;
				GCC_WARN_UNUSED_FUNCTION = YES;
				GCC_WARN_UNUSED_VARIABLE = YES;
				MACOSX_DEPLOYMENT_TARGET = 10.9;
				SDKROOT = macosx;
			};
			name = Release;
		};
		795CA0DC1955BBE8007BA36A /* Debug */ = {
			isa = XCBuildConfiguration;
			buildSettings = {
				PRODUCT_NAME = "$(TARGET_NAME)";
			};
			name = Debug;
		};
		795CA0DD1955BBE8007BA36A /* Release */ = {
			isa = XCBuildConfiguration;
			buildSettings = {
				PRODUCT_NAME = "$(TARGET_NAME)";
			};
			name = Release;
		};
/* End XCBuildConfiguration section */

/* Begin XCConfigurationList section */
		795CA0CD1955BBE8007BA36A /* Build configuration list for PBXProject "S3" */ = {
			isa = XCConfigurationList;
			buildConfigurations = (
				795CA0D91955BBE8007BA36A /* Debug */,
				795CA0DA1955BBE8007BA36A /* Release */,
			);
			defaultConfigurationIsVisible = 0;
			defaultConfigurationName = Release;
		};
		795CA0DB1955BBE8007BA36A /* Build configuration list for PBXNativeTarget "S3" */ = {
			isa = XCConfigurationList;
			buildConfigurations = (
				795CA0DC1955BBE8007BA36A /* Debug */,
				795CA0DD1955BBE8007BA36A /* Release */,
			);
			defaultConfigurationIsVisible = 0;
		};
/* End XCConfigurationList section */
	};
	rootObject = 795CA0CA1955BBE8007BA36A /* Project object */;
}
